
Microsoft Visual Studio Solution File, Format Version 12.00
# Visual Studio Version 17
VisualStudioVersion = 17.5.33502.453
MinimumVisualStudioVersion = 10.0.40219.1
Project("{FAE04EC0-301F-11D3-BF4B-00C04F79EFBC}") = "XFPushNotifications.Android", "XFPushNotifications\XFPushNotifications.Android\XFPushNotifications.Android.csproj", "{DC2F2AE7-DF68-41BB-AA0D-7123EFEE8D6D}"
EndProject
Project("{FAE04EC0-301F-11D3-BF4B-00C04F79EFBC}") = "XFPushNotifications.iOS", "XFPushNotifications\XFPushNotifications.iOS\XFPushNotifications.iOS.csproj", "{61EC2519-249B-4A38-8B53-27019ECE98AE}"
EndProject
Project("{FAE04EC0-301F-11D3-BF4B-00C04F79EFBC}") = "XFPushNotifications", "XFPushNotifications\XFPushNotifications\XFPushNotifications.csproj", "{0B3923FF-306A-47BD-B21C-1FCA72037C82}"
EndProject
Global
	GlobalSection(SolutionConfigurationPlatforms) = preSolution
		Debug|Any CPU = Debug|Any CPU
		Debug|iPhone = Debug|iPhone
		Debug|iPhoneSimulator = Debug|iPhoneSimulator
		Release|Any CPU = Release|Any CPU
		Release|iPhone = Release|iPhone
		Release|iPhoneSimulator = Release|iPhoneSimulator
	EndGlobalSection
	GlobalSection(ProjectConfigurationPlatforms) = postSolution
		{DC2F2AE7-DF68-41BB-AA0D-7123EFEE8D6D}.Debug|Any CPU.ActiveCfg = Debug|Any CPU
		{DC2F2AE7-DF68-41BB-AA0D-7123EFEE8D6D}.Debug|Any CPU.Build.0 = Debug|Any CPU
		{DC2F2AE7-DF68-41BB-AA0D-7123EFEE8D6D}.Debug|Any CPU.Deploy.0 = Debug|Any CPU
		{DC2F2AE7-DF68-41BB-AA0D-7123EFEE8D6D}.Debug|iPhone.ActiveCfg = Debug|Any CPU
		{DC2F2AE7-DF68-41BB-AA0D-7123EFEE8D6D}.Debug|iPhone.Build.0 = Debug|Any CPU
		{DC2F2AE7-DF68-41BB-AA0D-7123EFEE8D6D}.Debug|iPhone.Deploy.0 = Debug|Any CPU
		{DC2F2AE7-DF68-41BB-AA0D-7123EFEE8D6D}.Debug|iPhoneSimulator.ActiveCfg = Debug|Any CPU
		{DC2F2AE7-DF68-41BB-AA0D-7123EFEE8D6D}.Debug|iPhoneSimulator.Build.0 = Debug|Any CPU
		{DC2F2AE7-DF68-41BB-AA0D-7123EFEE8D6D}.Debug|iPhoneSimulator.Deploy.0 = Debug|Any CPU
		{DC2F2AE7-DF68-41BB-AA0D-7123EFEE8D6D}.Release|Any CPU.ActiveCfg = Release|Any CPU
		{DC2F2AE7-DF68-41BB-AA0D-7123EFEE8D6D}.Release|Any CPU.Build.0 = Release|Any CPU
		{DC2F2AE7-DF68-41BB-AA0D-7123EFEE8D6D}.Release|Any CPU.Deploy.0 = Release|Any CPU
		{DC2F2AE7-DF68-41BB-AA0D-7123EFEE8D6D}.Release|iPhone.ActiveCfg = Release|Any CPU
		{DC2F2AE7-DF68-41BB-AA0D-7123EFEE8D6D}.Release|iPhone.Build.0 = Release|Any CPU
		{DC2F2AE7-DF68-41BB-AA0D-7123EFEE8D6D}.Release|iPhone.Deploy.0 = Release|Any CPU
		{DC2F2AE7-DF68-41BB-AA0D-7123EFEE8D6D}.Release|iPhoneSimulator.ActiveCfg = Release|Any CPU
		{DC2F2AE7-DF68-41BB-AA0D-7123EFEE8D6D}.Release|iPhoneSimulator.Build.0 = Release|Any CPU
		{DC2F2AE7-DF68-41BB-AA0D-7123EFEE8D6D}.Release|iPhoneSimulator.Deploy.0 = Release|Any CPU
		{61EC2519-249B-4A38-8B53-27019ECE98AE}.Debug|Any CPU.ActiveCfg = Debug|iPhone
		{61EC2519-249B-4A38-8B53-27019ECE98AE}.Debug|Any CPU.Build.0 = Debug|iPhone
		{61EC2519-249B-4A38-8B53-27019ECE98AE}.Debug|Any CPU.Deploy.0 = Debug|iPhone
		{61EC2519-249B-4A38-8B53-27019ECE98AE}.Debug|iPhone.ActiveCfg = Debug|iPhone
		{61EC2519-249B-4A38-8B53-27019ECE98AE}.Debug|iPhone.Build.0 = Debug|iPhone
		{61EC2519-249B-4A38-8B53-27019ECE98AE}.Debug|iPhone.Deploy.0 = Debug|iPhone
		{61EC2519-249B-4A38-8B53-27019ECE98AE}.Debug|iPhoneSimulator.ActiveCfg = Debug|iPhoneSimulator
		{61EC2519-249B-4A38-8B53-27019ECE98AE}.Debug|iPhoneSimulator.Build.0 = Debug|iPhoneSimulator
		{61EC2519-249B-4A38-8B53-27019ECE98AE}.Debug|iPhoneSimulator.Deploy.0 = Debug|iPhoneSimulator
		{61EC2519-249B-4A38-8B53-27019ECE98AE}.Release|Any CPU.ActiveCfg = Release|iPhoneSimulator
		{61EC2519-249B-4A38-8B53-27019ECE98AE}.Release|Any CPU.Build.0 = Release|iPhoneSimulator
		{61EC2519-249B-4A38-8B53-27019ECE98AE}.Release|Any CPU.Deploy.0 = Release|iPhoneSimulator
		{61EC2519-249B-4A38-8B53-27019ECE98AE}.Release|iPhone.ActiveCfg = Release|iPhone
		{61EC2519-249B-4A38-8B53-27019ECE98AE}.Release|iPhone.Build.0 = Release|iPhone
		{61EC2519-249B-4A38-8B53-27019ECE98AE}.Release|iPhone.Deploy.0 = Release|iPhone
		{61EC2519-249B-4A38-8B53-27019ECE98AE}.Release|iPhoneSimulator.ActiveCfg = Release|iPhoneSimulator
		{61EC2519-249B-4A38-8B53-27019ECE98AE}.Release|iPhoneSimulator.Build.0 = Release|iPhoneSimulator
		{61EC2519-249B-4A38-8B53-27019ECE98AE}.Release|iPhoneSimulator.Deploy.0 = Release|iPhoneSimulator
		{0B3923FF-306A-47BD-B21C-1FCA72037C82}.Debug|Any CPU.ActiveCfg = Debug|Any CPU
		{0B3923FF-306A-47BD-B21C-1FCA72037C82}.Debug|Any CPU.Build.0 = Debug|Any CPU
		{0B3923FF-306A-47BD-B21C-1FCA72037C82}.Debug|Any CPU.Deploy.0 = Debug|Any CPU
		{0B3923FF-306A-47BD-B21C-1FCA72037C82}.Debug|iPhone.ActiveCfg = Debug|Any CPU
		{0B3923FF-306A-47BD-B21C-1FCA72037C82}.Debug|iPhone.Build.0 = Debug|Any CPU
		{0B3923FF-306A-47BD-B21C-1FCA72037C82}.Debug|iPhone.Deploy.0 = Debug|Any CPU
		{0B3923FF-306A-47BD-B21C-1FCA72037C82}.Debug|iPhoneSimulator.ActiveCfg = Debug|Any CPU
		{0B3923FF-306A-47BD-B21C-1FCA72037C82}.Debug|iPhoneSimulator.Build.0 = Debug|Any CPU
		{0B3923FF-306A-47BD-B21C-1FCA72037C82}.Debug|iPhoneSimulator.Deploy.0 = Debug|Any CPU
		{0B3923FF-306A-47BD-B21C-1FCA72037C82}.Release|Any CPU.ActiveCfg = Release|Any CPU
		{0B3923FF-306A-47BD-B21C-1FCA72037C82}.Release|Any CPU.Build.0 = Release|Any CPU
		{0B3923FF-306A-47BD-B21C-1FCA72037C82}.Release|Any CPU.Deploy.0 = Release|Any CPU
		{0B3923FF-306A-47BD-B21C-1FCA72037C82}.Release|iPhone.ActiveCfg = Release|Any CPU
		{0B3923FF-306A-47BD-B21C-1FCA72037C82}.Release|iPhone.Build.0 = Release|Any CPU
		{0B3923FF-306A-47BD-B21C-1FCA72037C82}.Release|iPhone.Deploy.0 = Release|Any CPU
		{0B3923FF-306A-47BD-B21C-1FCA72037C82}.Release|iPhoneSimulator.ActiveCfg = Release|Any CPU
		{0B3923FF-306A-47BD-B21C-1FCA72037C82}.Release|iPhoneSimulator.Build.0 = Release|Any CPU
		{0B3923FF-306A-47BD-B21C-1FCA72037C82}.Release|iPhoneSimulator.Deploy.0 = Release|Any CPU
	EndGlobalSection
	GlobalSection(SolutionProperties) = preSolution
		HideSolutionNode = FALSE
	EndGlobalSection
	GlobalSection(ExtensibilityGlobals) = postSolution
		SolutionGuid = {CC3FBF4F-5886-4D5F-93D0-C31945284084}
	EndGlobalSection
EndGlobal
